
Microsoft Visual Studio Solution File, Format Version 12.00
# Visual Studio Version 17
VisualStudioVersion = 17.0.32014.148
MinimumVisualStudioVersion = 10.0.40219.1
Project("{9A19103F-16F7-4668-BE54-9A1E7A4F7556}") = "Infrastructures", "Infrastructures\Infrastructures.csproj", "{6CB2B93C-772F-40AD-BCBB-81E97F818421}"
EndProject
Global
	GlobalSection(SolutionConfigurationPlatforms) = preSolution
		Debug|Any CPU = Debug|Any CPU
		Release|Any CPU = Release|Any CPU
	EndGlobalSection
	GlobalSection(ProjectConfigurationPlatforms) = postSolution
		{6CB2B93C-772F-40AD-BCBB-81E97F818421}.Debug|Any CPU.ActiveCfg = Debug|Any CPU
		{6CB2B93C-772F-40AD-BCBB-81E97F818421}.Debug|Any CPU.Build.0 = Debug|Any CPU
		{6CB2B93C-772F-40AD-BCBB-81E97F818421}.Release|Any CPU.ActiveCfg = Release|Any CPU
		{6CB2B93C-772F-40AD-BCBB-81E97F818421}.Release|Any CPU.Build.0 = Release|Any CPU
	EndGlobalSection
	GlobalSection(SolutionProperties) = preSolution
		HideSolutionNode = FALSE
	EndGlobalSection
	GlobalSection(ExtensibilityGlobals) = postSolution
		SolutionGuid = {6A97C953-E43D-49A9-9541-38543E7F8F14}
	EndGlobalSection
EndGlobal
